
Microsoft Visual Studio Solution File, Format Version 12.00
# Visual Studio Version 16
VisualStudioVersion = 16.0.32413.511
MinimumVisualStudioVersion = 10.0.40219.1
Project("{FAE04EC0-301F-11D3-BF4B-00C04F79EFBC}") = "MajorProject2022", "MajorProject2022.csproj", "{44E44AB1-96ED-4B51-9304-675B496FB6B0}"
EndProject
Global
	GlobalSection(SolutionConfigurationPlatforms) = preSolution
		Debug|Any CPU = Debug|Any CPU
		Release|Any CPU = Release|Any CPU
	EndGlobalSection
	GlobalSection(ProjectConfigurationPlatforms) = postSolution
		{44E44AB1-96ED-4B51-9304-675B496FB6B0}.Debug|Any CPU.ActiveCfg = Debug|Any CPU
		{44E44AB1-96ED-4B51-9304-675B496FB6B0}.Debug|Any CPU.Build.0 = Debug|Any CPU
		{44E44AB1-96ED-4B51-9304-675B496FB6B0}.Release|Any CPU.ActiveCfg = Release|Any CPU
		{44E44AB1-96ED-4B51-9304-675B496FB6B0}.Release|Any CPU.Build.0 = Release|Any CPU
	EndGlobalSection
	GlobalSection(SolutionProperties) = preSolution
		HideSolutionNode = FALSE
	EndGlobalSection
	GlobalSection(ExtensibilityGlobals) = postSolution
		SolutionGuid = {6F76015A-F081-428C-AB3A-1E249AB64A7A}
	EndGlobalSection
EndGlobal
